{
  "version": 4,
  "terraform_version": "1.0.6",
  "serial": 57,
  "lineage": "a0b23b12-b935-546d-d0f0-9bc911dd4b7f",
  "outputs": {},
  "resources": [
    {
      "mode": "data",
      "type": "aws_availability_zones",
      "name": "available",
      "provider": "provider[\"registry.terraform.io/hashicorp/aws\"]",
      "instances": [
        {
          "schema_version": 0,
          "attributes": {
            "all_availability_zones": null,
            "exclude_names": null,
            "exclude_zone_ids": null,
            "filter": null,
            "group_names": [
              "ap-northeast-2"
            ],
            "id": "ap-northeast-2",
            "names": [
              "ap-northeast-2a",
              "ap-northeast-2b",
              "ap-northeast-2c",
              "ap-northeast-2d"
            ],
            "state": "available",
            "zone_ids": [
              "apne2-az1",
              "apne2-az2",
              "apne2-az3",
              "apne2-az4"
            ]
          },
          "sensitive_attributes": []
        }
      ]
    },
    {
      "module": "module.ecr_repos",
      "mode": "managed",
      "type": "aws_ecr_repository",
      "name": "ecr-repos",
      "provider": "provider[\"registry.terraform.io/hashicorp/aws\"]",
      "instances": [
        {
          "schema_version": 0,
          "attributes": {
            "arn": "arn:aws:ecr:ap-northeast-2:049474991519:repository/ksj-ecr-repo",
            "encryption_configuration": [
              {
                "encryption_type": "AES256",
                "kms_key": ""
              }
            ],
            "id": "ksj-ecr-repo",
            "image_scanning_configuration": [
              {
                "scan_on_push": true
              }
            ],
            "image_tag_mutability": "MUTABLE",
            "name": "ksj-ecr-repo",
            "registry_id": "049474991519",
            "repository_url": "049474991519.dkr.ecr.ap-northeast-2.amazonaws.com/ksj-ecr-repo",
            "tags": {},
            "tags_all": {},
            "timeouts": null
          },
          "sensitive_attributes": [],
          "private": "eyJlMmJmYjczMC1lY2FhLTExZTYtOGY4OC0zNDM2M2JjN2M0YzAiOnsiZGVsZXRlIjoxMjAwMDAwMDAwMDAwfX0="
        }
      ]
    },
    {
      "module": "module.eks_cluster",
      "mode": "managed",
      "type": "aws_eks_cluster",
      "name": "eks-cluster",
      "provider": "provider[\"registry.terraform.io/hashicorp/aws\"]",
      "instances": [
        {
          "schema_version": 0,
          "attributes": {
            "arn": "arn:aws:eks:ap-northeast-2:049474991519:cluster/ksj-TF-EKS-CLUSTER",
            "certificate_authority": [
              {
                "data": "LS0tLS1CRUdJTiBDRVJUSUZJQ0FURS0tLS0tCk1JSUM1ekNDQWMrZ0F3SUJBZ0lCQURBTkJna3Foa2lHOXcwQkFRc0ZBREFWTVJNd0VRWURWUVFERXdwcmRXSmwKY201bGRHVnpNQjRYRFRJeE1Ea3hOVEF3TlRnME1Gb1hEVE14TURreE16QXdOVGcwTUZvd0ZURVRNQkVHQTFVRQpBeE1LYTNWaVpYSnVaWFJsY3pDQ0FTSXdEUVlKS29aSWh2Y05BUUVCQlFBRGdnRVBBRENDQVFvQ2dnRUJBTnZxCmlrcFdrVmhSdDFaTXhCWmJHSER2c0NxSnQ1aUxrOVpMMEwzK3IrMFlCdE1CaUkwMW9xMVNHKzVsOG5Wc21EZXUKWDYzZ09DWUF2MVAvRGpOcytQemF6eWRUUitxcVdsa2JKSURxZ0o5WmNoZFlmcW1mV3IyZ3RhQTZNR0ZZTmMrSApMWldOWFZ0bGR4amZCbDRoU3BjZjBuOUZlaFVaclhnVEEzZUhWN0tyQjhhb05oQzdxWUdlNXVjUldZbnFveTRECjh0ZkZqdlpVT3VnMWFRNFhaaVFvVmZtNkRHcjlhTnRoWHBjTE5yMEE2ZUpoN1IxTjZzcTZ6RHA5OTVSTHB4M0MKSnFwalQ3OU9hdEhlRDY0WXBham1zelpQS0ZuN1ZEbGVyKzNWajYzdTFDdThvT1d0bTJSUW9HOUVNSmZuQXBBMgorSzlFdzVCK0Y4NVlCdXJWaWtrQ0F3RUFBYU5DTUVBd0RnWURWUjBQQVFIL0JBUURBZ0trTUE4R0ExVWRFd0VCCi93UUZNQU1CQWY4d0hRWURWUjBPQkJZRUZLSDNyYVMvSS84L0prUE1mU05VcytnK0JFWlBNQTBHQ1NxR1NJYjMKRFFFQkN3VUFBNElCQVFCbi9mc0dIZEZyeVZzWGhjRDdxbjY5dVpKL2xabDNodmNPVEc3RjhsYUFMN3BXUUYxVQpVYitYeEdsNnBRaTBYd25sbW05Y1I1SEF6TlFJRnVYbXZsM3hSaEd4TU5LNzZsUXAyTUtwRXVWYXAzZUE3VFYyClV2dGpPZkQ0azAvemdxWEU4cVJyUWR2ZU9iUG1KanhWZjBrNmFqQTV5MkZDR3FHOFUwK3ZJeWdaemNFMENRT2EKVWxiRzlzTHE3cU1jSW9FeDhyR1J0TTFKdk9xeUdUWkt1Q0F5STg4b1NLdWZQUlhkaHE1dUFEM2wxYTQ3cXBuZApDNGRtOXdvN2pERmNOK3RNT0RONnpWcXZuT2hNYXlON1JKOEUrejhUc09QNUFxWGltYnZqczdzWEVrbUN6VlRxCi9hRGxKMmh2dUFnK3prVmV0TjQ0aGNqd3RRYVJ4eE9VaWVCRQotLS0tLUVORCBDRVJUSUZJQ0FURS0tLS0tCg=="
              }
            ],
            "created_at": "2021-09-15 00:52:42.356 +0000 UTC",
            "enabled_cluster_log_types": null,
            "encryption_config": [],
            "endpoint": "https://0D2F024DE5D2656B300A748C49BBA6E7.gr7.ap-northeast-2.eks.amazonaws.com",
            "id": "ksj-TF-EKS-CLUSTER",
            "identity": [
              {
                "oidc": [
                  {
                    "issuer": "https://oidc.eks.ap-northeast-2.amazonaws.com/id/0D2F024DE5D2656B300A748C49BBA6E7"
                  }
                ]
              }
            ],
            "kubernetes_network_config": [
              {
                "service_ipv4_cidr": "10.100.0.0/16"
              }
            ],
            "name": "ksj-TF-EKS-CLUSTER",
            "platform_version": "eks.2",
            "role_arn": "arn:aws:iam::049474991519:role/ksj-TF-eks-cluster-role",
            "status": "ACTIVE",
            "tags": {
              "Name": "ksj-TF-EKS-CLUSTER",
              "Owner": "ksj"
            },
            "tags_all": {
              "Name": "ksj-TF-EKS-CLUSTER",
              "Owner": "ksj"
            },
            "timeouts": null,
            "version": "1.20",
            "vpc_config": [
              {
                "cluster_security_group_id": "sg-036f59293dc9adb68",
                "endpoint_private_access": false,
                "endpoint_public_access": true,
                "public_access_cidrs": [
                  "0.0.0.0/0"
                ],
                "security_group_ids": null,
                "subnet_ids": [
                  "subnet-0076dfbfc8cba5ad7",
                  "subnet-007dec082b3ab91c4",
                  "subnet-016aaaf63728f635f",
                  "subnet-06396319647cac002",
                  "subnet-0bcbbc8f62d2b9f6b",
                  "subnet-0ef314f866462fda1"
                ],
                "vpc_id": "vpc-0ab60ae86a45d4bad"
              }
            ]
          },
          "sensitive_attributes": [],
          "private": "eyJlMmJmYjczMC1lY2FhLTExZTYtOGY4OC0zNDM2M2JjN2M0YzAiOnsiY3JlYXRlIjoxODAwMDAwMDAwMDAwLCJkZWxldGUiOjkwMDAwMDAwMDAwMCwidXBkYXRlIjozNjAwMDAwMDAwMDAwfX0=",
          "dependencies": [
            "module.eks_cluster.aws_iam_role.eks-cluster-role",
            "module.eks_cluster.aws_iam_role_policy_attachment.eks-role-AmazonEKSClusterPolicy",
            "module.eks_cluster.aws_iam_role_policy_attachment.eks-role-AmazonEKSVPCResourceController",
            "module.private_subnet1.aws_subnet.subnet",
            "module.private_subnet2.aws_subnet.subnet",
            "module.private_subnet3.aws_subnet.subnet",
            "module.public_subnet1.aws_subnet.subnet",
            "module.public_subnet2.aws_subnet.subnet",
            "module.public_subnet3.aws_subnet.subnet"
          ]
        }
      ]
    },
    {
      "module": "module.eks_cluster",
      "mode": "managed",
      "type": "aws_iam_role",
      "name": "eks-cluster-role",
      "provider": "provider[\"registry.terraform.io/hashicorp/aws\"]",
      "instances": [
        {
          "schema_version": 0,
          "attributes": {
            "arn": "arn:aws:iam::049474991519:role/ksj-TF-eks-cluster-role",
            "assume_role_policy": "{\"Version\":\"2012-10-17\",\"Statement\":[{\"Effect\":\"Allow\",\"Principal\":{\"Service\":\"eks.amazonaws.com\"},\"Action\":\"sts:AssumeRole\"}]}",
            "create_date": "2021-09-10T02:41:25Z",
            "description": "",
            "force_detach_policies": false,
            "id": "ksj-TF-eks-cluster-role",
            "inline_policy": [
              {
                "name": "",
                "policy": ""
              }
            ],
            "managed_policy_arns": [
              "arn:aws:iam::aws:policy/AmazonEKSClusterPolicy",
              "arn:aws:iam::aws:policy/AmazonEKSVPCResourceController"
            ],
            "max_session_duration": 3600,
            "name": "ksj-TF-eks-cluster-role",
            "name_prefix": null,
            "path": "/",
            "permissions_boundary": null,
            "tags": {
              "Name": "ksj-TF-IAM-ROLE-EKS-CLUSTER",
              "Owner": "ksj"
            },
            "tags_all": {
              "Name": "ksj-TF-IAM-ROLE-EKS-CLUSTER",
              "Owner": "ksj"
            },
            "unique_id": "AROAQXBHQOWP25FFKX6YE"
          },
          "sensitive_attributes": [],
          "private": "bnVsbA=="
        }
      ]
    },
    {
      "module": "module.eks_cluster",
      "mode": "managed",
      "type": "aws_iam_role_policy_attachment",
      "name": "eks-role-AmazonEKSClusterPolicy",
      "provider": "provider[\"registry.terraform.io/hashicorp/aws\"]",
      "instances": [
        {
          "schema_version": 0,
          "attributes": {
            "id": "ksj-TF-eks-cluster-role-20210910024128102900000005",
            "policy_arn": "arn:aws:iam::aws:policy/AmazonEKSClusterPolicy",
            "role": "ksj-TF-eks-cluster-role"
          },
          "sensitive_attributes": [],
          "private": "bnVsbA==",
          "dependencies": [
            "module.eks_cluster.aws_iam_role.eks-cluster-role"
          ]
        }
      ]
    },
    {
      "module": "module.eks_cluster",
      "mode": "managed",
      "type": "aws_iam_role_policy_attachment",
      "name": "eks-role-AmazonEKSVPCResourceController",
      "provider": "provider[\"registry.terraform.io/hashicorp/aws\"]",
      "instances": [
        {
          "schema_version": 0,
          "attributes": {
            "id": "ksj-TF-eks-cluster-role-20210910024128091700000004",
            "policy_arn": "arn:aws:iam::aws:policy/AmazonEKSVPCResourceController",
            "role": "ksj-TF-eks-cluster-role"
          },
          "sensitive_attributes": [],
          "private": "bnVsbA==",
          "dependencies": [
            "module.eks_cluster.aws_iam_role.eks-cluster-role"
          ]
        }
      ]
    },
    {
      "module": "module.eks_node_groups",
      "mode": "managed",
      "type": "aws_eks_node_group",
      "name": "eks-node-group",
      "provider": "provider[\"registry.terraform.io/hashicorp/aws\"]",
      "instances": [
        {
          "schema_version": 0,
          "attributes": {
            "ami_type": "AL2_x86_64",
            "arn": "arn:aws:eks:ap-northeast-2:049474991519:nodegroup/ksj-TF-EKS-CLUSTER/ksj-TF-eks-node-groups/acbdf37c-f6b2-7208-c23f-dd40f901c593",
            "capacity_type": "ON_DEMAND",
            "cluster_name": "ksj-TF-EKS-CLUSTER",
            "disk_size": 20,
            "force_update_version": null,
            "id": "ksj-TF-EKS-CLUSTER:ksj-TF-eks-node-groups",
            "instance_types": [
              "t3.medium"
            ],
            "labels": null,
            "launch_template": [],
            "node_group_name": "ksj-TF-eks-node-groups",
            "node_group_name_prefix": "",
            "node_role_arn": "arn:aws:iam::049474991519:role/ksj-TF-eks-node-group-example",
            "release_version": "1.20.7-20210830",
            "remote_access": [],
            "resources": [
              {
                "autoscaling_groups": [
                  {
                    "name": "eks-acbdf37c-f6b2-7208-c23f-dd40f901c593"
                  }
                ],
                "remote_access_security_group_id": ""
              }
            ],
            "scaling_config": [
              {
                "desired_size": 3,
                "max_size": 3,
                "min_size": 1
              }
            ],
            "status": "ACTIVE",
            "subnet_ids": [
              "subnet-007dec082b3ab91c4",
              "subnet-016aaaf63728f635f",
              "subnet-0ef314f866462fda1"
            ],
            "tags": {
              "Name": "ksj-TF-eks-node-group",
              "Owner": "ksj"
            },
            "tags_all": {
              "Name": "ksj-TF-eks-node-group",
              "Owner": "ksj"
            },
            "taint": [],
            "timeouts": null,
            "update_config": [
              {
                "max_unavailable": 1,
                "max_unavailable_percentage": 0
              }
            ],
            "version": "1.20"
          },
          "sensitive_attributes": [],
          "private": "eyJlMmJmYjczMC1lY2FhLTExZTYtOGY4OC0zNDM2M2JjN2M0YzAiOnsiY3JlYXRlIjozNjAwMDAwMDAwMDAwLCJkZWxldGUiOjM2MDAwMDAwMDAwMDAsInVwZGF0ZSI6MzYwMDAwMDAwMDAwMH19",
          "dependencies": [
            "module.eks_cluster.aws_eks_cluster.eks-cluster",
            "module.eks_cluster.aws_iam_role.eks-cluster-role",
            "module.eks_cluster.aws_iam_role_policy_attachment.eks-role-AmazonEKSClusterPolicy",
            "module.eks_cluster.aws_iam_role_policy_attachment.eks-role-AmazonEKSVPCResourceController",
            "module.eks_node_groups.aws_iam_role.eks-node-group-iam-role",
            "module.eks_node_groups.aws_iam_role_policy_attachment.eks-AmazonCloudWatchAgentServerPolicy",
            "module.eks_node_groups.aws_iam_role_policy_attachment.eks-AmazonEC2ContainerRegistryReadOnly",
            "module.eks_node_groups.aws_iam_role_policy_attachment.eks-AmazonEKSWorkerNodePolicy",
            "module.eks_node_groups.aws_iam_role_policy_attachment.eks-AmazonEKS_CNI_Policy",
            "module.private_subnet1.aws_subnet.subnet",
            "module.private_subnet2.aws_subnet.subnet",
            "module.private_subnet3.aws_subnet.subnet",
            "module.public_subnet1.aws_subnet.subnet",
            "module.public_subnet2.aws_subnet.subnet",
            "module.public_subnet3.aws_subnet.subnet"
          ]
        }
      ]
    },
    {
      "module": "module.eks_node_groups",
      "mode": "managed",
      "type": "aws_iam_role",
      "name": "eks-node-group-iam-role",
      "provider": "provider[\"registry.terraform.io/hashicorp/aws\"]",
      "instances": [
        {
          "schema_version": 0,
          "attributes": {
            "arn": "arn:aws:iam::049474991519:role/ksj-TF-eks-node-group-example",
            "assume_role_policy": "{\"Version\":\"2012-10-17\",\"Statement\":[{\"Effect\":\"Allow\",\"Principal\":{\"Service\":\"ec2.amazonaws.com\"},\"Action\":\"sts:AssumeRole\"}]}",
            "create_date": "2021-09-10T02:41:25Z",
            "description": "",
            "force_detach_policies": false,
            "id": "ksj-TF-eks-node-group-example",
            "inline_policy": [
              {
                "name": "",
                "policy": ""
              }
            ],
            "managed_policy_arns": [
              "arn:aws:iam::aws:policy/AmazonEC2ContainerRegistryReadOnly",
              "arn:aws:iam::aws:policy/AmazonEKSWorkerNodePolicy",
              "arn:aws:iam::aws:policy/AmazonEKS_CNI_Policy",
              "arn:aws:iam::aws:policy/CloudWatchAgentServerPolicy"
            ],
            "max_session_duration": 3600,
            "name": "ksj-TF-eks-node-group-example",
            "name_prefix": null,
            "path": "/",
            "permissions_boundary": null,
            "tags": {
              "Name": "ksj-TF-eks-node-group-iam-role"
            },
            "tags_all": {
              "Name": "ksj-TF-eks-node-group-iam-role"
            },
            "unique_id": "AROAQXBHQOWPXHRWIVI5G"
          },
          "sensitive_attributes": [],
          "private": "bnVsbA=="
        }
      ]
    },
    {
      "module": "module.eks_node_groups",
      "mode": "managed",
      "type": "aws_iam_role_policy_attachment",
      "name": "eks-AmazonCloudWatchAgentServerPolicy",
      "provider": "provider[\"registry.terraform.io/hashicorp/aws\"]",
      "instances": [
        {
          "schema_version": 0,
          "attributes": {
            "id": "ksj-TF-eks-node-group-example-20210913023857351000000001",
            "policy_arn": "arn:aws:iam::aws:policy/CloudWatchAgentServerPolicy",
            "role": "ksj-TF-eks-node-group-example"
          },
          "sensitive_attributes": [],
          "private": "bnVsbA==",
          "dependencies": [
            "module.eks_node_groups.aws_iam_role.eks-node-group-iam-role"
          ]
        }
      ]
    },
    {
      "module": "module.eks_node_groups",
      "mode": "managed",
      "type": "aws_iam_role_policy_attachment",
      "name": "eks-AmazonEC2ContainerRegistryReadOnly",
      "provider": "provider[\"registry.terraform.io/hashicorp/aws\"]",
      "instances": [
        {
          "schema_version": 0,
          "attributes": {
            "id": "ksj-TF-eks-node-group-example-20210910024128069100000001",
            "policy_arn": "arn:aws:iam::aws:policy/AmazonEC2ContainerRegistryReadOnly",
            "role": "ksj-TF-eks-node-group-example"
          },
          "sensitive_attributes": [],
          "private": "bnVsbA==",
          "dependencies": [
            "module.eks_node_groups.aws_iam_role.eks-node-group-iam-role"
          ]
        }
      ]
    },
    {
      "module": "module.eks_node_groups",
      "mode": "managed",
      "type": "aws_iam_role_policy_attachment",
      "name": "eks-AmazonEKSWorkerNodePolicy",
      "provider": "provider[\"registry.terraform.io/hashicorp/aws\"]",
      "instances": [
        {
          "schema_version": 0,
          "attributes": {
            "id": "ksj-TF-eks-node-group-example-20210910024128083300000003",
            "policy_arn": "arn:aws:iam::aws:policy/AmazonEKSWorkerNodePolicy",
            "role": "ksj-TF-eks-node-group-example"
          },
          "sensitive_attributes": [],
          "private": "bnVsbA==",
          "dependencies": [
            "module.eks_node_groups.aws_iam_role.eks-node-group-iam-role"
          ]
        }
      ]
    },
    {
      "module": "module.eks_node_groups",
      "mode": "managed",
      "type": "aws_iam_role_policy_attachment",
      "name": "eks-AmazonEKS_CNI_Policy",
      "provider": "provider[\"registry.terraform.io/hashicorp/aws\"]",
      "instances": [
        {
          "schema_version": 0,
          "attributes": {
            "id": "ksj-TF-eks-node-group-example-20210910024128080000000002",
            "policy_arn": "arn:aws:iam::aws:policy/AmazonEKS_CNI_Policy",
            "role": "ksj-TF-eks-node-group-example"
          },
          "sensitive_attributes": [],
          "private": "bnVsbA==",
          "dependencies": [
            "module.eks_node_groups.aws_iam_role.eks-node-group-iam-role"
          ]
        }
      ]
    },
    {
      "module": "module.private_subnet1",
      "mode": "managed",
      "type": "aws_subnet",
      "name": "subnet",
      "provider": "provider[\"registry.terraform.io/hashicorp/aws\"]",
      "instances": [
        {
          "schema_version": 1,
          "attributes": {
            "arn": "arn:aws:ec2:ap-northeast-2:049474991519:subnet/subnet-06396319647cac002",
            "assign_ipv6_address_on_creation": false,
            "availability_zone": "ap-northeast-2a",
            "availability_zone_id": "apne2-az1",
            "cidr_block": "192.168.3.0/24",
            "customer_owned_ipv4_pool": "",
            "id": "subnet-06396319647cac002",
            "ipv6_cidr_block": "",
            "ipv6_cidr_block_association_id": "",
            "map_customer_owned_ip_on_launch": false,
            "map_public_ip_on_launch": false,
            "outpost_arn": "",
            "owner_id": "049474991519",
            "tags": {
              "Name": "ksj-TF-subnet-private",
              "Owner": "ksj"
            },
            "tags_all": {
              "Name": "ksj-TF-subnet-private",
              "Owner": "ksj"
            },
            "timeouts": null,
            "vpc_id": "vpc-0ab60ae86a45d4bad"
          },
          "sensitive_attributes": [],
          "private": "eyJlMmJmYjczMC1lY2FhLTExZTYtOGY4OC0zNDM2M2JjN2M0YzAiOnsiY3JlYXRlIjo2MDAwMDAwMDAwMDAsImRlbGV0ZSI6MTIwMDAwMDAwMDAwMH0sInNjaGVtYV92ZXJzaW9uIjoiMSJ9",
          "dependencies": [
            "data.aws_availability_zones.available",
            "module.vpc.aws_vpc.vpc"
          ]
        }
      ]
    },
    {
      "module": "module.private_subnet2",
      "mode": "managed",
      "type": "aws_subnet",
      "name": "subnet",
      "provider": "provider[\"registry.terraform.io/hashicorp/aws\"]",
      "instances": [
        {
          "schema_version": 1,
          "attributes": {
            "arn": "arn:aws:ec2:ap-northeast-2:049474991519:subnet/subnet-0bcbbc8f62d2b9f6b",
            "assign_ipv6_address_on_creation": false,
            "availability_zone": "ap-northeast-2b",
            "availability_zone_id": "apne2-az2",
            "cidr_block": "192.168.4.0/24",
            "customer_owned_ipv4_pool": "",
            "id": "subnet-0bcbbc8f62d2b9f6b",
            "ipv6_cidr_block": "",
            "ipv6_cidr_block_association_id": "",
            "map_customer_owned_ip_on_launch": false,
            "map_public_ip_on_launch": false,
            "outpost_arn": "",
            "owner_id": "049474991519",
            "tags": {
              "Name": "ksj-TF-subnet-private",
              "Owner": "ksj"
            },
            "tags_all": {
              "Name": "ksj-TF-subnet-private",
              "Owner": "ksj"
            },
            "timeouts": null,
            "vpc_id": "vpc-0ab60ae86a45d4bad"
          },
          "sensitive_attributes": [],
          "private": "eyJlMmJmYjczMC1lY2FhLTExZTYtOGY4OC0zNDM2M2JjN2M0YzAiOnsiY3JlYXRlIjo2MDAwMDAwMDAwMDAsImRlbGV0ZSI6MTIwMDAwMDAwMDAwMH0sInNjaGVtYV92ZXJzaW9uIjoiMSJ9",
          "dependencies": [
            "module.vpc.aws_vpc.vpc",
            "data.aws_availability_zones.available"
          ]
        }
      ]
    },
    {
      "module": "module.private_subnet3",
      "mode": "managed",
      "type": "aws_subnet",
      "name": "subnet",
      "provider": "provider[\"registry.terraform.io/hashicorp/aws\"]",
      "instances": [
        {
          "schema_version": 1,
          "attributes": {
            "arn": "arn:aws:ec2:ap-northeast-2:049474991519:subnet/subnet-0076dfbfc8cba5ad7",
            "assign_ipv6_address_on_creation": false,
            "availability_zone": "ap-northeast-2c",
            "availability_zone_id": "apne2-az3",
            "cidr_block": "192.168.5.0/24",
            "customer_owned_ipv4_pool": "",
            "id": "subnet-0076dfbfc8cba5ad7",
            "ipv6_cidr_block": "",
            "ipv6_cidr_block_association_id": "",
            "map_customer_owned_ip_on_launch": false,
            "map_public_ip_on_launch": false,
            "outpost_arn": "",
            "owner_id": "049474991519",
            "tags": {
              "Name": "ksj-TF-subnet-private",
              "Owner": "ksj"
            },
            "tags_all": {
              "Name": "ksj-TF-subnet-private",
              "Owner": "ksj"
            },
            "timeouts": null,
            "vpc_id": "vpc-0ab60ae86a45d4bad"
          },
          "sensitive_attributes": [],
          "private": "eyJlMmJmYjczMC1lY2FhLTExZTYtOGY4OC0zNDM2M2JjN2M0YzAiOnsiY3JlYXRlIjo2MDAwMDAwMDAwMDAsImRlbGV0ZSI6MTIwMDAwMDAwMDAwMH0sInNjaGVtYV92ZXJzaW9uIjoiMSJ9",
          "dependencies": [
            "data.aws_availability_zones.available",
            "module.vpc.aws_vpc.vpc"
          ]
        }
      ]
    },
    {
      "module": "module.public_subnet1",
      "mode": "managed",
      "type": "aws_subnet",
      "name": "subnet",
      "provider": "provider[\"registry.terraform.io/hashicorp/aws\"]",
      "instances": [
        {
          "schema_version": 1,
          "attributes": {
            "arn": "arn:aws:ec2:ap-northeast-2:049474991519:subnet/subnet-0ef314f866462fda1",
            "assign_ipv6_address_on_creation": false,
            "availability_zone": "ap-northeast-2a",
            "availability_zone_id": "apne2-az1",
            "cidr_block": "192.168.0.0/24",
            "customer_owned_ipv4_pool": "",
            "id": "subnet-0ef314f866462fda1",
            "ipv6_cidr_block": "",
            "ipv6_cidr_block_association_id": "",
            "map_customer_owned_ip_on_launch": false,
            "map_public_ip_on_launch": true,
            "outpost_arn": "",
            "owner_id": "049474991519",
            "tags": {
              "Name": "ksj-TF-subnet-public",
              "Owner": "ksj"
            },
            "tags_all": {
              "Name": "ksj-TF-subnet-public",
              "Owner": "ksj"
            },
            "timeouts": null,
            "vpc_id": "vpc-0ab60ae86a45d4bad"
          },
          "sensitive_attributes": [],
          "private": "eyJlMmJmYjczMC1lY2FhLTExZTYtOGY4OC0zNDM2M2JjN2M0YzAiOnsiY3JlYXRlIjo2MDAwMDAwMDAwMDAsImRlbGV0ZSI6MTIwMDAwMDAwMDAwMH0sInNjaGVtYV92ZXJzaW9uIjoiMSJ9",
          "dependencies": [
            "data.aws_availability_zones.available",
            "module.vpc.aws_vpc.vpc"
          ]
        }
      ]
    },
    {
      "module": "module.public_subnet2",
      "mode": "managed",
      "type": "aws_subnet",
      "name": "subnet",
      "provider": "provider[\"registry.terraform.io/hashicorp/aws\"]",
      "instances": [
        {
          "schema_version": 1,
          "attributes": {
            "arn": "arn:aws:ec2:ap-northeast-2:049474991519:subnet/subnet-007dec082b3ab91c4",
            "assign_ipv6_address_on_creation": false,
            "availability_zone": "ap-northeast-2b",
            "availability_zone_id": "apne2-az2",
            "cidr_block": "192.168.1.0/24",
            "customer_owned_ipv4_pool": "",
            "id": "subnet-007dec082b3ab91c4",
            "ipv6_cidr_block": "",
            "ipv6_cidr_block_association_id": "",
            "map_customer_owned_ip_on_launch": false,
            "map_public_ip_on_launch": true,
            "outpost_arn": "",
            "owner_id": "049474991519",
            "tags": {
              "Name": "ksj-TF-subnet-public",
              "Owner": "ksj"
            },
            "tags_all": {
              "Name": "ksj-TF-subnet-public",
              "Owner": "ksj"
            },
            "timeouts": null,
            "vpc_id": "vpc-0ab60ae86a45d4bad"
          },
          "sensitive_attributes": [],
          "private": "eyJlMmJmYjczMC1lY2FhLTExZTYtOGY4OC0zNDM2M2JjN2M0YzAiOnsiY3JlYXRlIjo2MDAwMDAwMDAwMDAsImRlbGV0ZSI6MTIwMDAwMDAwMDAwMH0sInNjaGVtYV92ZXJzaW9uIjoiMSJ9",
          "dependencies": [
            "data.aws_availability_zones.available",
            "module.vpc.aws_vpc.vpc"
          ]
        }
      ]
    },
    {
      "module": "module.public_subnet3",
      "mode": "managed",
      "type": "aws_subnet",
      "name": "subnet",
      "provider": "provider[\"registry.terraform.io/hashicorp/aws\"]",
      "instances": [
        {
          "schema_version": 1,
          "attributes": {
            "arn": "arn:aws:ec2:ap-northeast-2:049474991519:subnet/subnet-016aaaf63728f635f",
            "assign_ipv6_address_on_creation": false,
            "availability_zone": "ap-northeast-2c",
            "availability_zone_id": "apne2-az3",
            "cidr_block": "192.168.2.0/24",
            "customer_owned_ipv4_pool": "",
            "id": "subnet-016aaaf63728f635f",
            "ipv6_cidr_block": "",
            "ipv6_cidr_block_association_id": "",
            "map_customer_owned_ip_on_launch": false,
            "map_public_ip_on_launch": true,
            "outpost_arn": "",
            "owner_id": "049474991519",
            "tags": {
              "Name": "ksj-TF-subnet-public",
              "Owner": "ksj"
            },
            "tags_all": {
              "Name": "ksj-TF-subnet-public",
              "Owner": "ksj"
            },
            "timeouts": null,
            "vpc_id": "vpc-0ab60ae86a45d4bad"
          },
          "sensitive_attributes": [],
          "private": "eyJlMmJmYjczMC1lY2FhLTExZTYtOGY4OC0zNDM2M2JjN2M0YzAiOnsiY3JlYXRlIjo2MDAwMDAwMDAwMDAsImRlbGV0ZSI6MTIwMDAwMDAwMDAwMH0sInNjaGVtYV92ZXJzaW9uIjoiMSJ9",
          "dependencies": [
            "data.aws_availability_zones.available",
            "module.vpc.aws_vpc.vpc"
          ]
        }
      ]
    },
    {
      "module": "module.public_subnet_rtb_igw",
      "mode": "managed",
      "type": "aws_route_table",
      "name": "pri-rtb",
      "provider": "provider[\"registry.terraform.io/hashicorp/aws\"]",
      "instances": [
        {
          "schema_version": 0,
          "attributes": {
            "arn": "arn:aws:ec2:ap-northeast-2:049474991519:route-table/rtb-0eba2a9b61f06e69b",
            "id": "rtb-0eba2a9b61f06e69b",
            "owner_id": "049474991519",
            "propagating_vgws": [],
            "route": [],
            "tags": {
              "Name": "ksj-TF-rtb-pri",
              "Owner": "ksj"
            },
            "tags_all": {
              "Name": "ksj-TF-rtb-pri",
              "Owner": "ksj"
            },
            "vpc_id": "vpc-0ab60ae86a45d4bad"
          },
          "sensitive_attributes": [],
          "private": "bnVsbA==",
          "dependencies": [
            "module.vpc.aws_vpc.vpc"
          ]
        }
      ]
    },
    {
      "module": "module.public_subnet_rtb_igw",
      "mode": "managed",
      "type": "aws_route_table",
      "name": "rtb",
      "provider": "provider[\"registry.terraform.io/hashicorp/aws\"]",
      "instances": [
        {
          "schema_version": 0,
          "attributes": {
            "arn": "arn:aws:ec2:ap-northeast-2:049474991519:route-table/rtb-0ad4cb8a145d0355a",
            "id": "rtb-0ad4cb8a145d0355a",
            "owner_id": "049474991519",
            "propagating_vgws": [],
            "route": [
              {
                "carrier_gateway_id": "",
                "cidr_block": "0.0.0.0/0",
                "destination_prefix_list_id": "",
                "egress_only_gateway_id": "",
                "gateway_id": "igw-01d307483b3a60bfc",
                "instance_id": "",
                "ipv6_cidr_block": "",
                "local_gateway_id": "",
                "nat_gateway_id": "",
                "network_interface_id": "",
                "transit_gateway_id": "",
                "vpc_endpoint_id": "",
                "vpc_peering_connection_id": ""
              }
            ],
            "tags": {
              "Name": "ksj-TF-rtb-public",
              "Owner": "ksj"
            },
            "tags_all": {
              "Name": "ksj-TF-rtb-public",
              "Owner": "ksj"
            },
            "vpc_id": "vpc-0ab60ae86a45d4bad"
          },
          "sensitive_attributes": [],
          "private": "bnVsbA==",
          "dependencies": [
            "module.vpc.aws_internet_gateway.igw",
            "module.vpc.aws_vpc.vpc"
          ]
        }
      ]
    },
    {
      "module": "module.public_subnet_rtb_igw",
      "mode": "managed",
      "type": "aws_route_table_association",
      "name": "rtb",
      "provider": "provider[\"registry.terraform.io/hashicorp/aws\"]",
      "instances": [
        {
          "index_key": 0,
          "schema_version": 0,
          "attributes": {
            "gateway_id": "",
            "id": "rtbassoc-08229f381cc9c2dd1",
            "route_table_id": "rtb-0ad4cb8a145d0355a",
            "subnet_id": "subnet-0ef314f866462fda1"
          },
          "sensitive_attributes": [],
          "private": "bnVsbA==",
          "dependencies": [
            "module.public_subnet3.aws_subnet.subnet",
            "module.public_subnet_rtb_igw.aws_route_table.pri-rtb",
            "module.public_subnet_rtb_igw.aws_route_table.rtb",
            "module.vpc.aws_vpc.vpc",
            "data.aws_availability_zones.available",
            "module.private_subnet2.aws_subnet.subnet",
            "module.public_subnet1.aws_subnet.subnet",
            "module.vpc.aws_internet_gateway.igw",
            "module.private_subnet1.aws_subnet.subnet",
            "module.private_subnet3.aws_subnet.subnet",
            "module.public_subnet2.aws_subnet.subnet"
          ]
        },
        {
          "index_key": 1,
          "schema_version": 0,
          "attributes": {
            "gateway_id": "",
            "id": "rtbassoc-044e18b9739558108",
            "route_table_id": "rtb-0ad4cb8a145d0355a",
            "subnet_id": "subnet-007dec082b3ab91c4"
          },
          "sensitive_attributes": [],
          "private": "bnVsbA==",
          "dependencies": [
            "module.private_subnet1.aws_subnet.subnet",
            "module.private_subnet3.aws_subnet.subnet",
            "module.public_subnet1.aws_subnet.subnet",
            "module.public_subnet3.aws_subnet.subnet",
            "module.public_subnet_rtb_igw.aws_route_table.rtb",
            "module.vpc.aws_internet_gateway.igw",
            "module.vpc.aws_vpc.vpc",
            "data.aws_availability_zones.available",
            "module.public_subnet2.aws_subnet.subnet",
            "module.public_subnet_rtb_igw.aws_route_table.pri-rtb",
            "module.private_subnet2.aws_subnet.subnet"
          ]
        },
        {
          "index_key": 2,
          "schema_version": 0,
          "attributes": {
            "gateway_id": "",
            "id": "rtbassoc-0fabb63d82c0635b5",
            "route_table_id": "rtb-0ad4cb8a145d0355a",
            "subnet_id": "subnet-016aaaf63728f635f"
          },
          "sensitive_attributes": [],
          "private": "bnVsbA==",
          "dependencies": [
            "module.private_subnet3.aws_subnet.subnet",
            "module.public_subnet2.aws_subnet.subnet",
            "module.public_subnet3.aws_subnet.subnet",
            "module.public_subnet_rtb_igw.aws_route_table.rtb",
            "module.vpc.aws_vpc.vpc",
            "data.aws_availability_zones.available",
            "module.private_subnet1.aws_subnet.subnet",
            "module.private_subnet2.aws_subnet.subnet",
            "module.public_subnet1.aws_subnet.subnet",
            "module.public_subnet_rtb_igw.aws_route_table.pri-rtb",
            "module.vpc.aws_internet_gateway.igw"
          ]
        },
        {
          "index_key": 3,
          "schema_version": 0,
          "attributes": {
            "gateway_id": "",
            "id": "rtbassoc-0067901593ade5651",
            "route_table_id": "rtb-0eba2a9b61f06e69b",
            "subnet_id": "subnet-06396319647cac002"
          },
          "sensitive_attributes": [],
          "private": "bnVsbA==",
          "dependencies": [
            "data.aws_availability_zones.available",
            "module.private_subnet1.aws_subnet.subnet",
            "module.public_subnet3.aws_subnet.subnet",
            "module.public_subnet_rtb_igw.aws_route_table.rtb",
            "module.vpc.aws_internet_gateway.igw",
            "module.vpc.aws_vpc.vpc",
            "module.private_subnet2.aws_subnet.subnet",
            "module.private_subnet3.aws_subnet.subnet",
            "module.public_subnet1.aws_subnet.subnet",
            "module.public_subnet2.aws_subnet.subnet",
            "module.public_subnet_rtb_igw.aws_route_table.pri-rtb"
          ]
        },
        {
          "index_key": 4,
          "schema_version": 0,
          "attributes": {
            "gateway_id": "",
            "id": "rtbassoc-04cc9fc7e54251c5a",
            "route_table_id": "rtb-0eba2a9b61f06e69b",
            "subnet_id": "subnet-0bcbbc8f62d2b9f6b"
          },
          "sensitive_attributes": [],
          "private": "bnVsbA==",
          "dependencies": [
            "module.vpc.aws_internet_gateway.igw",
            "module.private_subnet1.aws_subnet.subnet",
            "module.public_subnet2.aws_subnet.subnet",
            "module.public_subnet_rtb_igw.aws_route_table.pri-rtb",
            "module.public_subnet_rtb_igw.aws_route_table.rtb",
            "module.public_subnet3.aws_subnet.subnet",
            "module.vpc.aws_vpc.vpc",
            "data.aws_availability_zones.available",
            "module.private_subnet2.aws_subnet.subnet",
            "module.private_subnet3.aws_subnet.subnet",
            "module.public_subnet1.aws_subnet.subnet"
          ]
        },
        {
          "index_key": 5,
          "schema_version": 0,
          "attributes": {
            "gateway_id": "",
            "id": "rtbassoc-012cf0397847134d1",
            "route_table_id": "rtb-0eba2a9b61f06e69b",
            "subnet_id": "subnet-0076dfbfc8cba5ad7"
          },
          "sensitive_attributes": [],
          "private": "bnVsbA==",
          "dependencies": [
            "module.private_subnet2.aws_subnet.subnet",
            "module.private_subnet3.aws_subnet.subnet",
            "module.public_subnet3.aws_subnet.subnet",
            "module.public_subnet_rtb_igw.aws_route_table.pri-rtb",
            "module.public_subnet_rtb_igw.aws_route_table.rtb",
            "module.vpc.aws_internet_gateway.igw",
            "data.aws_availability_zones.available",
            "module.public_subnet1.aws_subnet.subnet",
            "module.public_subnet2.aws_subnet.subnet",
            "module.vpc.aws_vpc.vpc",
            "module.private_subnet1.aws_subnet.subnet"
          ]
        }
      ]
    },
    {
      "module": "module.vpc",
      "mode": "managed",
      "type": "aws_internet_gateway",
      "name": "igw",
      "provider": "provider[\"registry.terraform.io/hashicorp/aws\"]",
      "instances": [
        {
          "schema_version": 0,
          "attributes": {
            "arn": "arn:aws:ec2:ap-northeast-2:049474991519:internet-gateway/igw-01d307483b3a60bfc",
            "id": "igw-01d307483b3a60bfc",
            "owner_id": "049474991519",
            "tags": {
              "Name": "ksj-TF-igw",
              "Owner": "ksj"
            },
            "tags_all": {
              "Name": "ksj-TF-igw",
              "Owner": "ksj"
            },
            "vpc_id": "vpc-0ab60ae86a45d4bad"
          },
          "sensitive_attributes": [],
          "private": "bnVsbA==",
          "dependencies": [
            "module.vpc.aws_vpc.vpc"
          ]
        }
      ]
    },
    {
      "module": "module.vpc",
      "mode": "managed",
      "type": "aws_vpc",
      "name": "vpc",
      "provider": "provider[\"registry.terraform.io/hashicorp/aws\"]",
      "instances": [
        {
          "schema_version": 1,
          "attributes": {
            "arn": "arn:aws:ec2:ap-northeast-2:049474991519:vpc/vpc-0ab60ae86a45d4bad",
            "assign_generated_ipv6_cidr_block": false,
            "cidr_block": "192.168.0.0/16",
            "default_network_acl_id": "acl-0f6cd3a9fe2f0e822",
            "default_route_table_id": "rtb-0b0c5aa15e41e33ed",
            "default_security_group_id": "sg-09baff931b37ae57d",
            "dhcp_options_id": "dopt-1e5e1a75",
            "enable_classiclink": null,
            "enable_classiclink_dns_support": null,
            "enable_dns_hostnames": true,
            "enable_dns_support": true,
            "id": "vpc-0ab60ae86a45d4bad",
            "instance_tenancy": "default",
            "ipv6_association_id": "",
            "ipv6_cidr_block": "",
            "main_route_table_id": "rtb-0b0c5aa15e41e33ed",
            "owner_id": "049474991519",
            "tags": {
              "Name": "ksj-TF-vpc",
              "Owner": "ksj"
            },
            "tags_all": {
              "Name": "ksj-TF-vpc",
              "Owner": "ksj"
            }
          },
          "sensitive_attributes": [],
          "private": "eyJzY2hlbWFfdmVyc2lvbiI6IjEifQ=="
        }
      ]
    }
  ]
}
