{
  "version": 4,
  "terraform_version": "1.0.7",
  "serial": 29,
  "lineage": "578f88be-24e5-c448-47a3-371083e43a8c",
  "outputs": {},
  "resources": [
    {
      "mode": "data",
      "type": "aws_availability_zones",
      "name": "available",
      "provider": "provider[\"registry.terraform.io/hashicorp/aws\"]",
      "instances": [
        {
          "schema_version": 0,
          "attributes": {
            "all_availability_zones": null,
            "exclude_names": null,
            "exclude_zone_ids": null,
            "filter": null,
            "group_names": [
              "ap-northeast-2"
            ],
            "id": "ap-northeast-2",
            "names": [
              "ap-northeast-2a",
              "ap-northeast-2b",
              "ap-northeast-2c",
              "ap-northeast-2d"
            ],
            "state": "available",
            "zone_ids": [
              "apne2-az1",
              "apne2-az2",
              "apne2-az3",
              "apne2-az4"
            ]
          },
          "sensitive_attributes": []
        }
      ]
    },
    {
      "module": "module.codecommit_repos",
      "mode": "managed",
      "type": "aws_codecommit_repository",
      "name": "codecommit_repo",
      "provider": "provider[\"registry.terraform.io/hashicorp/aws\"]",
      "instances": [
        {
          "schema_version": 0,
          "attributes": {
            "arn": "arn:aws:codecommit:ap-northeast-2:049474991519:ksj-codecommit-repo",
            "clone_url_http": "https://git-codecommit.ap-northeast-2.amazonaws.com/v1/repos/ksj-codecommit-repo",
            "clone_url_ssh": "ssh://git-codecommit.ap-northeast-2.amazonaws.com/v1/repos/ksj-codecommit-repo",
            "default_branch": null,
            "description": "test codecommit repository",
            "id": "ksj-codecommit-repo",
            "repository_id": "c3017ae0-46ec-4b8a-88ac-d21be5c009ab",
            "repository_name": "ksj-codecommit-repo",
            "tags": {
              "Name": "ksj-TF-CODECOMMIT-REPO",
              "Owner": "ksj"
            },
            "tags_all": {
              "Name": "ksj-TF-CODECOMMIT-REPO",
              "Owner": "ksj"
            }
          },
          "sensitive_attributes": [],
          "private": "bnVsbA=="
        }
      ]
    },
    {
      "module": "module.ecr_repos",
      "mode": "managed",
      "type": "aws_ecr_repository",
      "name": "ecr-repos",
      "provider": "provider[\"registry.terraform.io/hashicorp/aws\"]",
      "instances": [
        {
          "status": "tainted",
          "schema_version": 0,
          "attributes": {
            "arn": "arn:aws:ecr:ap-northeast-2:049474991519:repository/ksj-ecr-repo",
            "encryption_configuration": [
              {
                "encryption_type": "AES256",
                "kms_key": ""
              }
            ],
            "id": "ksj-ecr-repo",
            "image_scanning_configuration": [
              {
                "scan_on_push": true
              }
            ],
            "image_tag_mutability": "MUTABLE",
            "name": "ksj-ecr-repo",
            "registry_id": "049474991519",
            "repository_url": "049474991519.dkr.ecr.ap-northeast-2.amazonaws.com/ksj-ecr-repo",
            "tags": null,
            "tags_all": {},
            "timeouts": null
          },
          "sensitive_attributes": [],
          "private": "eyJlMmJmYjczMC1lY2FhLTExZTYtOGY4OC0zNDM2M2JjN2M0YzAiOnsiZGVsZXRlIjoxMjAwMDAwMDAwMDAwfX0="
        }
      ]
    },
    {
      "module": "module.eks_cluster",
      "mode": "managed",
      "type": "aws_eks_cluster",
      "name": "eks-cluster",
      "provider": "provider[\"registry.terraform.io/hashicorp/aws\"]",
      "instances": [
        {
          "schema_version": 0,
          "attributes": {
            "arn": "arn:aws:eks:ap-northeast-2:049474991519:cluster/ksj-TF-EKS-CLUSTER",
            "certificate_authority": [
              {
                "data": "LS0tLS1CRUdJTiBDRVJUSUZJQ0FURS0tLS0tCk1JSUM1ekNDQWMrZ0F3SUJBZ0lCQURBTkJna3Foa2lHOXcwQkFRc0ZBREFWTVJNd0VRWURWUVFERXdwcmRXSmwKY201bGRHVnpNQjRYRFRJeE1Ea3lOREEzTURZd04xb1hEVE14TURreU1qQTNNRFl3TjFvd0ZURVRNQkVHQTFVRQpBeE1LYTNWaVpYSnVaWFJsY3pDQ0FTSXdEUVlKS29aSWh2Y05BUUVCQlFBRGdnRVBBRENDQVFvQ2dnRUJBUFlhCnNYRzdxbWUwTzJKZDk4RDZobUMvN1BVK01DU25YMm03VUUwWGVReWswSE1yNWxZMy9BZWdaaU5UZFpGL0FRcnEKcXYrUVhWV2ZFTGVJUlZVQWpCalF3dkUrcGFVL0JrdzZSQnFZMzhzSFJ2VjVpRTluT3VTVlR5NG05R1lNc2d1YgpaQjIvREdqZGliQTY2eDJrR1I4T0hKRmlueTdpeDJEWTlwMGlCSHBXaVlub2pFWXN6SkYxS000SUNySW5HTHkzCjMwYlNrV3BhMi9DQ0QwVlF4a2ZMV3RIYndFbnZjSXZvc2NNeXFnTWlGQWJrNURVWTJDbGRXM2RjVGI2SkdGTFoKZFM0SUdlM3ZjMkVuZnFuKzdwMCsxS2J1cEFFem8yQkFvVUJPaGZSWThJMU1Rd3h4STc5c1VHZk9qb3hFV1lBQgp1VTJiYmw5cFgxajg0NlkwdnBVQ0F3RUFBYU5DTUVBd0RnWURWUjBQQVFIL0JBUURBZ0trTUE4R0ExVWRFd0VCCi93UUZNQU1CQWY4d0hRWURWUjBPQkJZRUZNaFdRVWZrYmozdnVPR2FHRDgyQi9Ga3ZRVVlNQTBHQ1NxR1NJYjMKRFFFQkN3VUFBNElCQVFEZ29jK2V4RkVrdC9nbHZjTnQ5M25QSkRtZFFGWDRQa2ZoSGg1ZzNBbEp4cUdyVC9ISApZVW01UVJqRm9tNUhJcnNORitTVmhQd04rOWlsVlJoelpJT3pOZWk3K2VCU0FLYzhjUFB2dkhxSHdyM1NOa2VaCk1nbTBwcENSWXR6TGRJaEFHK1dGZXEyU0tycTJsTmhzZC9jT2Ria0NQTE0rM2RhMEhxZ2ZkdnJKWXkzdytWd1AKZnFNSWJLQXByVUJZMVhGaUdCT3dMZWE1ODhzbVhhUG5BaFNHT0ZwRXlvRFQ5dnF2KzVxOWxQR29ocW1WNGh6SApRRmtSUEdVaUlGbmI5cjg1QW41eVBnUGJHUm15RUZKb202YVlydzEwR1RUemRKQ0lzeGRHSVk0b2RmSmFxeDJMCkUwMU5JTkk0ZWFoVDFiR3Fxakp0SFZPZjI3eTlneElzdjFILwotLS0tLUVORCBDRVJUSUZJQ0FURS0tLS0tCg=="
              }
            ],
            "created_at": "2021-09-24 07:00:12.493 +0000 UTC",
            "enabled_cluster_log_types": null,
            "encryption_config": [],
            "endpoint": "https://06D4F8BD3B228B2F9B4DBF6CAD4DBE3D.gr7.ap-northeast-2.eks.amazonaws.com",
            "id": "ksj-TF-EKS-CLUSTER",
            "identity": [
              {
                "oidc": [
                  {
                    "issuer": "https://oidc.eks.ap-northeast-2.amazonaws.com/id/06D4F8BD3B228B2F9B4DBF6CAD4DBE3D"
                  }
                ]
              }
            ],
            "kubernetes_network_config": [
              {
                "service_ipv4_cidr": "10.100.0.0/16"
              }
            ],
            "name": "ksj-TF-EKS-CLUSTER",
            "platform_version": "eks.2",
            "role_arn": "arn:aws:iam::049474991519:role/ksj-TF-eks-cluster-role",
            "status": "ACTIVE",
            "tags": {
              "Name": "ksj-TF-EKS-CLUSTER",
              "Owner": "ksj"
            },
            "tags_all": {
              "Name": "ksj-TF-EKS-CLUSTER",
              "Owner": "ksj"
            },
            "timeouts": null,
            "version": "1.20",
            "vpc_config": [
              {
                "cluster_security_group_id": "sg-0a515160a0ddfa66b",
                "endpoint_private_access": false,
                "endpoint_public_access": true,
                "public_access_cidrs": [
                  "0.0.0.0/0"
                ],
                "security_group_ids": null,
                "subnet_ids": [
                  "subnet-03699520da9d6c37b",
                  "subnet-086552de03a8e091f",
                  "subnet-09d8065e5ce73a1f7",
                  "subnet-0a5d5b9d73636b73e",
                  "subnet-0e70a618e3c8d7f4e",
                  "subnet-0edc090229020299a"
                ],
                "vpc_id": "vpc-0812b07a4be9d5888"
              }
            ]
          },
          "sensitive_attributes": [],
          "private": "eyJlMmJmYjczMC1lY2FhLTExZTYtOGY4OC0zNDM2M2JjN2M0YzAiOnsiY3JlYXRlIjoxODAwMDAwMDAwMDAwLCJkZWxldGUiOjkwMDAwMDAwMDAwMCwidXBkYXRlIjozNjAwMDAwMDAwMDAwfX0=",
          "dependencies": [
            "data.aws_availability_zones.available",
            "module.iam.aws_iam_role.eks-cluster-role",
            "module.iam.aws_iam_role.eks-node-group-iam-role",
            "module.iam.aws_iam_role_policy_attachment.eks-AmazonCloudWatchAgentServerPolicy",
            "module.iam.aws_iam_role_policy_attachment.eks-AmazonEC2ContainerRegistryReadOnly",
            "module.iam.aws_iam_role_policy_attachment.eks-AmazonEKSWorkerNodePolicy",
            "module.iam.aws_iam_role_policy_attachment.eks-AmazonEKS_CNI_Policy",
            "module.iam.aws_iam_role_policy_attachment.eks-role-AmazonEKSClusterPolicy",
            "module.iam.aws_iam_role_policy_attachment.eks-role-AmazonEKSVPCResourceController",
            "module.private_subnet1.aws_subnet.subnet",
            "module.private_subnet2.aws_subnet.subnet",
            "module.private_subnet3.aws_subnet.subnet",
            "module.public_subnet1.aws_subnet.subnet",
            "module.public_subnet2.aws_subnet.subnet",
            "module.public_subnet3.aws_subnet.subnet",
            "module.vpc.aws_vpc.vpc"
          ]
        }
      ]
    },
    {
      "module": "module.eks_node_groups",
      "mode": "managed",
      "type": "aws_eks_node_group",
      "name": "eks-node-group",
      "provider": "provider[\"registry.terraform.io/hashicorp/aws\"]",
      "instances": [
        {
          "schema_version": 0,
          "attributes": {
            "ami_type": "AL2_x86_64",
            "arn": "arn:aws:eks:ap-northeast-2:049474991519:nodegroup/ksj-TF-EKS-CLUSTER/ksj-TF-eks-node-groups/54be0b51-ae8c-3175-0be3-7f416bc9ec02",
            "capacity_type": "ON_DEMAND",
            "cluster_name": "ksj-TF-EKS-CLUSTER",
            "disk_size": 20,
            "force_update_version": null,
            "id": "ksj-TF-EKS-CLUSTER:ksj-TF-eks-node-groups",
            "instance_types": [
              "t3.medium"
            ],
            "labels": null,
            "launch_template": [],
            "node_group_name": "ksj-TF-eks-node-groups",
            "node_group_name_prefix": "",
            "node_role_arn": "arn:aws:iam::049474991519:role/ksj-TF-eks-node-group-role",
            "release_version": "1.20.7-20210914",
            "remote_access": [],
            "resources": [
              {
                "autoscaling_groups": [
                  {
                    "name": "eks-54be0b51-ae8c-3175-0be3-7f416bc9ec02"
                  }
                ],
                "remote_access_security_group_id": ""
              }
            ],
            "scaling_config": [
              {
                "desired_size": 3,
                "max_size": 3,
                "min_size": 1
              }
            ],
            "status": "ACTIVE",
            "subnet_ids": [
              "subnet-03699520da9d6c37b",
              "subnet-09d8065e5ce73a1f7",
              "subnet-0edc090229020299a"
            ],
            "tags": {
              "Name": "ksj-TF-eks-node-group",
              "Owner": "ksj"
            },
            "tags_all": {
              "Name": "ksj-TF-eks-node-group",
              "Owner": "ksj"
            },
            "taint": [],
            "timeouts": null,
            "update_config": [
              {
                "max_unavailable": 1,
                "max_unavailable_percentage": 0
              }
            ],
            "version": "1.20"
          },
          "sensitive_attributes": [],
          "private": "eyJlMmJmYjczMC1lY2FhLTExZTYtOGY4OC0zNDM2M2JjN2M0YzAiOnsiY3JlYXRlIjozNjAwMDAwMDAwMDAwLCJkZWxldGUiOjM2MDAwMDAwMDAwMDAsInVwZGF0ZSI6MzYwMDAwMDAwMDAwMH19",
          "dependencies": [
            "data.aws_availability_zones.available",
            "module.eks_cluster.aws_eks_cluster.eks-cluster",
            "module.iam.aws_iam_role.eks-cluster-role",
            "module.iam.aws_iam_role.eks-node-group-iam-role",
            "module.iam.aws_iam_role_policy_attachment.eks-AmazonCloudWatchAgentServerPolicy",
            "module.iam.aws_iam_role_policy_attachment.eks-AmazonEC2ContainerRegistryReadOnly",
            "module.iam.aws_iam_role_policy_attachment.eks-AmazonEKSWorkerNodePolicy",
            "module.iam.aws_iam_role_policy_attachment.eks-AmazonEKS_CNI_Policy",
            "module.iam.aws_iam_role_policy_attachment.eks-role-AmazonEKSClusterPolicy",
            "module.iam.aws_iam_role_policy_attachment.eks-role-AmazonEKSVPCResourceController",
            "module.private_subnet1.aws_subnet.subnet",
            "module.private_subnet2.aws_subnet.subnet",
            "module.private_subnet3.aws_subnet.subnet",
            "module.public_subnet1.aws_subnet.subnet",
            "module.public_subnet2.aws_subnet.subnet",
            "module.public_subnet3.aws_subnet.subnet",
            "module.vpc.aws_vpc.vpc"
          ]
        }
      ]
    },
    {
      "module": "module.iam",
      "mode": "managed",
      "type": "aws_iam_role",
      "name": "eks-cluster-role",
      "provider": "provider[\"registry.terraform.io/hashicorp/aws\"]",
      "instances": [
        {
          "schema_version": 0,
          "attributes": {
            "arn": "arn:aws:iam::049474991519:role/ksj-TF-eks-cluster-role",
            "assume_role_policy": "{\"Version\":\"2012-10-17\",\"Statement\":[{\"Effect\":\"Allow\",\"Principal\":{\"Service\":\"eks.amazonaws.com\"},\"Action\":\"sts:AssumeRole\"}]}",
            "create_date": "2021-09-24T06:59:48Z",
            "description": "",
            "force_detach_policies": false,
            "id": "ksj-TF-eks-cluster-role",
            "inline_policy": [
              {
                "name": "",
                "policy": ""
              }
            ],
            "managed_policy_arns": [],
            "max_session_duration": 3600,
            "name": "ksj-TF-eks-cluster-role",
            "name_prefix": "",
            "path": "/",
            "permissions_boundary": null,
            "tags": {
              "Name": "ksj-TF-IAM-ROLE-EKS-CLUSTER",
              "Owner": "ksj"
            },
            "tags_all": {
              "Name": "ksj-TF-IAM-ROLE-EKS-CLUSTER",
              "Owner": "ksj"
            },
            "unique_id": "AROAQXBHQOWPTILYVLTEH"
          },
          "sensitive_attributes": [],
          "private": "bnVsbA=="
        }
      ]
    },
    {
      "module": "module.iam",
      "mode": "managed",
      "type": "aws_iam_role",
      "name": "eks-node-group-iam-role",
      "provider": "provider[\"registry.terraform.io/hashicorp/aws\"]",
      "instances": [
        {
          "schema_version": 0,
          "attributes": {
            "arn": "arn:aws:iam::049474991519:role/ksj-TF-eks-node-group-role",
            "assume_role_policy": "{\"Version\":\"2012-10-17\",\"Statement\":[{\"Effect\":\"Allow\",\"Principal\":{\"Service\":\"ec2.amazonaws.com\"},\"Action\":\"sts:AssumeRole\"}]}",
            "create_date": "2021-09-24T06:59:48Z",
            "description": "",
            "force_detach_policies": false,
            "id": "ksj-TF-eks-node-group-role",
            "inline_policy": [
              {
                "name": "",
                "policy": ""
              }
            ],
            "managed_policy_arns": [],
            "max_session_duration": 3600,
            "name": "ksj-TF-eks-node-group-role",
            "name_prefix": "",
            "path": "/",
            "permissions_boundary": null,
            "tags": {
              "Name": "ksj-TF-eks-node-group-iam-role"
            },
            "tags_all": {
              "Name": "ksj-TF-eks-node-group-iam-role"
            },
            "unique_id": "AROAQXBHQOWPQE7UKDRHC"
          },
          "sensitive_attributes": [],
          "private": "bnVsbA=="
        }
      ]
    },
    {
      "module": "module.iam",
      "mode": "managed",
      "type": "aws_iam_role_policy_attachment",
      "name": "eks-AmazonCloudWatchAgentServerPolicy",
      "provider": "provider[\"registry.terraform.io/hashicorp/aws\"]",
      "instances": [
        {
          "schema_version": 0,
          "attributes": {
            "id": "ksj-TF-eks-node-group-role-20210924065951711800000004",
            "policy_arn": "arn:aws:iam::aws:policy/CloudWatchAgentServerPolicy",
            "role": "ksj-TF-eks-node-group-role"
          },
          "sensitive_attributes": [],
          "private": "bnVsbA==",
          "dependencies": [
            "module.iam.aws_iam_role.eks-node-group-iam-role"
          ]
        }
      ]
    },
    {
      "module": "module.iam",
      "mode": "managed",
      "type": "aws_iam_role_policy_attachment",
      "name": "eks-AmazonEC2ContainerRegistryReadOnly",
      "provider": "provider[\"registry.terraform.io/hashicorp/aws\"]",
      "instances": [
        {
          "schema_version": 0,
          "attributes": {
            "id": "ksj-TF-eks-node-group-role-20210924065951709500000003",
            "policy_arn": "arn:aws:iam::aws:policy/AmazonEC2ContainerRegistryReadOnly",
            "role": "ksj-TF-eks-node-group-role"
          },
          "sensitive_attributes": [],
          "private": "bnVsbA==",
          "dependencies": [
            "module.iam.aws_iam_role.eks-node-group-iam-role"
          ]
        }
      ]
    },
    {
      "module": "module.iam",
      "mode": "managed",
      "type": "aws_iam_role_policy_attachment",
      "name": "eks-AmazonEKSWorkerNodePolicy",
      "provider": "provider[\"registry.terraform.io/hashicorp/aws\"]",
      "instances": [
        {
          "schema_version": 0,
          "attributes": {
            "id": "ksj-TF-eks-node-group-role-20210924065951764600000006",
            "policy_arn": "arn:aws:iam::aws:policy/AmazonEKSWorkerNodePolicy",
            "role": "ksj-TF-eks-node-group-role"
          },
          "sensitive_attributes": [],
          "private": "bnVsbA==",
          "dependencies": [
            "module.iam.aws_iam_role.eks-node-group-iam-role"
          ]
        }
      ]
    },
    {
      "module": "module.iam",
      "mode": "managed",
      "type": "aws_iam_role_policy_attachment",
      "name": "eks-AmazonEKS_CNI_Policy",
      "provider": "provider[\"registry.terraform.io/hashicorp/aws\"]",
      "instances": [
        {
          "schema_version": 0,
          "attributes": {
            "id": "ksj-TF-eks-node-group-role-20210924065951718000000005",
            "policy_arn": "arn:aws:iam::aws:policy/AmazonEKS_CNI_Policy",
            "role": "ksj-TF-eks-node-group-role"
          },
          "sensitive_attributes": [],
          "private": "bnVsbA==",
          "dependencies": [
            "module.iam.aws_iam_role.eks-node-group-iam-role"
          ]
        }
      ]
    },
    {
      "module": "module.iam",
      "mode": "managed",
      "type": "aws_iam_role_policy_attachment",
      "name": "eks-role-AmazonEKSClusterPolicy",
      "provider": "provider[\"registry.terraform.io/hashicorp/aws\"]",
      "instances": [
        {
          "schema_version": 0,
          "attributes": {
            "id": "ksj-TF-eks-cluster-role-20210924065951584400000001",
            "policy_arn": "arn:aws:iam::aws:policy/AmazonEKSClusterPolicy",
            "role": "ksj-TF-eks-cluster-role"
          },
          "sensitive_attributes": [],
          "private": "bnVsbA==",
          "dependencies": [
            "module.iam.aws_iam_role.eks-cluster-role"
          ]
        }
      ]
    },
    {
      "module": "module.iam",
      "mode": "managed",
      "type": "aws_iam_role_policy_attachment",
      "name": "eks-role-AmazonEKSVPCResourceController",
      "provider": "provider[\"registry.terraform.io/hashicorp/aws\"]",
      "instances": [
        {
          "schema_version": 0,
          "attributes": {
            "id": "ksj-TF-eks-cluster-role-20210924065951585200000002",
            "policy_arn": "arn:aws:iam::aws:policy/AmazonEKSVPCResourceController",
            "role": "ksj-TF-eks-cluster-role"
          },
          "sensitive_attributes": [],
          "private": "bnVsbA==",
          "dependencies": [
            "module.iam.aws_iam_role.eks-cluster-role"
          ]
        }
      ]
    },
    {
      "module": "module.private_subnet1",
      "mode": "managed",
      "type": "aws_subnet",
      "name": "subnet",
      "provider": "provider[\"registry.terraform.io/hashicorp/aws\"]",
      "instances": [
        {
          "schema_version": 1,
          "attributes": {
            "arn": "arn:aws:ec2:ap-northeast-2:049474991519:subnet/subnet-086552de03a8e091f",
            "assign_ipv6_address_on_creation": false,
            "availability_zone": "ap-northeast-2a",
            "availability_zone_id": "apne2-az1",
            "cidr_block": "192.168.3.0/24",
            "customer_owned_ipv4_pool": "",
            "id": "subnet-086552de03a8e091f",
            "ipv6_cidr_block": "",
            "ipv6_cidr_block_association_id": "",
            "map_customer_owned_ip_on_launch": false,
            "map_public_ip_on_launch": false,
            "outpost_arn": "",
            "owner_id": "049474991519",
            "tags": {
              "Name": "ksj-TF-subnet-private",
              "Owner": "ksj"
            },
            "tags_all": {
              "Name": "ksj-TF-subnet-private",
              "Owner": "ksj"
            },
            "timeouts": null,
            "vpc_id": "vpc-0812b07a4be9d5888"
          },
          "sensitive_attributes": [],
          "private": "eyJlMmJmYjczMC1lY2FhLTExZTYtOGY4OC0zNDM2M2JjN2M0YzAiOnsiY3JlYXRlIjo2MDAwMDAwMDAwMDAsImRlbGV0ZSI6MTIwMDAwMDAwMDAwMH0sInNjaGVtYV92ZXJzaW9uIjoiMSJ9",
          "dependencies": [
            "data.aws_availability_zones.available",
            "module.vpc.aws_vpc.vpc"
          ]
        }
      ]
    },
    {
      "module": "module.private_subnet2",
      "mode": "managed",
      "type": "aws_subnet",
      "name": "subnet",
      "provider": "provider[\"registry.terraform.io/hashicorp/aws\"]",
      "instances": [
        {
          "schema_version": 1,
          "attributes": {
            "arn": "arn:aws:ec2:ap-northeast-2:049474991519:subnet/subnet-0e70a618e3c8d7f4e",
            "assign_ipv6_address_on_creation": false,
            "availability_zone": "ap-northeast-2b",
            "availability_zone_id": "apne2-az2",
            "cidr_block": "192.168.4.0/24",
            "customer_owned_ipv4_pool": "",
            "id": "subnet-0e70a618e3c8d7f4e",
            "ipv6_cidr_block": "",
            "ipv6_cidr_block_association_id": "",
            "map_customer_owned_ip_on_launch": false,
            "map_public_ip_on_launch": false,
            "outpost_arn": "",
            "owner_id": "049474991519",
            "tags": {
              "Name": "ksj-TF-subnet-private",
              "Owner": "ksj"
            },
            "tags_all": {
              "Name": "ksj-TF-subnet-private",
              "Owner": "ksj"
            },
            "timeouts": null,
            "vpc_id": "vpc-0812b07a4be9d5888"
          },
          "sensitive_attributes": [],
          "private": "eyJlMmJmYjczMC1lY2FhLTExZTYtOGY4OC0zNDM2M2JjN2M0YzAiOnsiY3JlYXRlIjo2MDAwMDAwMDAwMDAsImRlbGV0ZSI6MTIwMDAwMDAwMDAwMH0sInNjaGVtYV92ZXJzaW9uIjoiMSJ9",
          "dependencies": [
            "data.aws_availability_zones.available",
            "module.vpc.aws_vpc.vpc"
          ]
        }
      ]
    },
    {
      "module": "module.private_subnet3",
      "mode": "managed",
      "type": "aws_subnet",
      "name": "subnet",
      "provider": "provider[\"registry.terraform.io/hashicorp/aws\"]",
      "instances": [
        {
          "schema_version": 1,
          "attributes": {
            "arn": "arn:aws:ec2:ap-northeast-2:049474991519:subnet/subnet-0a5d5b9d73636b73e",
            "assign_ipv6_address_on_creation": false,
            "availability_zone": "ap-northeast-2c",
            "availability_zone_id": "apne2-az3",
            "cidr_block": "192.168.5.0/24",
            "customer_owned_ipv4_pool": "",
            "id": "subnet-0a5d5b9d73636b73e",
            "ipv6_cidr_block": "",
            "ipv6_cidr_block_association_id": "",
            "map_customer_owned_ip_on_launch": false,
            "map_public_ip_on_launch": false,
            "outpost_arn": "",
            "owner_id": "049474991519",
            "tags": {
              "Name": "ksj-TF-subnet-private",
              "Owner": "ksj"
            },
            "tags_all": {
              "Name": "ksj-TF-subnet-private",
              "Owner": "ksj"
            },
            "timeouts": null,
            "vpc_id": "vpc-0812b07a4be9d5888"
          },
          "sensitive_attributes": [],
          "private": "eyJlMmJmYjczMC1lY2FhLTExZTYtOGY4OC0zNDM2M2JjN2M0YzAiOnsiY3JlYXRlIjo2MDAwMDAwMDAwMDAsImRlbGV0ZSI6MTIwMDAwMDAwMDAwMH0sInNjaGVtYV92ZXJzaW9uIjoiMSJ9",
          "dependencies": [
            "data.aws_availability_zones.available",
            "module.vpc.aws_vpc.vpc"
          ]
        }
      ]
    },
    {
      "module": "module.public_subnet1",
      "mode": "managed",
      "type": "aws_subnet",
      "name": "subnet",
      "provider": "provider[\"registry.terraform.io/hashicorp/aws\"]",
      "instances": [
        {
          "schema_version": 1,
          "attributes": {
            "arn": "arn:aws:ec2:ap-northeast-2:049474991519:subnet/subnet-09d8065e5ce73a1f7",
            "assign_ipv6_address_on_creation": false,
            "availability_zone": "ap-northeast-2a",
            "availability_zone_id": "apne2-az1",
            "cidr_block": "192.168.0.0/24",
            "customer_owned_ipv4_pool": "",
            "id": "subnet-09d8065e5ce73a1f7",
            "ipv6_cidr_block": "",
            "ipv6_cidr_block_association_id": "",
            "map_customer_owned_ip_on_launch": false,
            "map_public_ip_on_launch": true,
            "outpost_arn": "",
            "owner_id": "049474991519",
            "tags": {
              "Name": "ksj-TF-subnet-public",
              "Owner": "ksj"
            },
            "tags_all": {
              "Name": "ksj-TF-subnet-public",
              "Owner": "ksj"
            },
            "timeouts": null,
            "vpc_id": "vpc-0812b07a4be9d5888"
          },
          "sensitive_attributes": [],
          "private": "eyJlMmJmYjczMC1lY2FhLTExZTYtOGY4OC0zNDM2M2JjN2M0YzAiOnsiY3JlYXRlIjo2MDAwMDAwMDAwMDAsImRlbGV0ZSI6MTIwMDAwMDAwMDAwMH0sInNjaGVtYV92ZXJzaW9uIjoiMSJ9",
          "dependencies": [
            "data.aws_availability_zones.available",
            "module.vpc.aws_vpc.vpc"
          ]
        }
      ]
    },
    {
      "module": "module.public_subnet2",
      "mode": "managed",
      "type": "aws_subnet",
      "name": "subnet",
      "provider": "provider[\"registry.terraform.io/hashicorp/aws\"]",
      "instances": [
        {
          "schema_version": 1,
          "attributes": {
            "arn": "arn:aws:ec2:ap-northeast-2:049474991519:subnet/subnet-0edc090229020299a",
            "assign_ipv6_address_on_creation": false,
            "availability_zone": "ap-northeast-2b",
            "availability_zone_id": "apne2-az2",
            "cidr_block": "192.168.1.0/24",
            "customer_owned_ipv4_pool": "",
            "id": "subnet-0edc090229020299a",
            "ipv6_cidr_block": "",
            "ipv6_cidr_block_association_id": "",
            "map_customer_owned_ip_on_launch": false,
            "map_public_ip_on_launch": true,
            "outpost_arn": "",
            "owner_id": "049474991519",
            "tags": {
              "Name": "ksj-TF-subnet-public",
              "Owner": "ksj"
            },
            "tags_all": {
              "Name": "ksj-TF-subnet-public",
              "Owner": "ksj"
            },
            "timeouts": null,
            "vpc_id": "vpc-0812b07a4be9d5888"
          },
          "sensitive_attributes": [],
          "private": "eyJlMmJmYjczMC1lY2FhLTExZTYtOGY4OC0zNDM2M2JjN2M0YzAiOnsiY3JlYXRlIjo2MDAwMDAwMDAwMDAsImRlbGV0ZSI6MTIwMDAwMDAwMDAwMH0sInNjaGVtYV92ZXJzaW9uIjoiMSJ9",
          "dependencies": [
            "data.aws_availability_zones.available",
            "module.vpc.aws_vpc.vpc"
          ]
        }
      ]
    },
    {
      "module": "module.public_subnet3",
      "mode": "managed",
      "type": "aws_subnet",
      "name": "subnet",
      "provider": "provider[\"registry.terraform.io/hashicorp/aws\"]",
      "instances": [
        {
          "schema_version": 1,
          "attributes": {
            "arn": "arn:aws:ec2:ap-northeast-2:049474991519:subnet/subnet-03699520da9d6c37b",
            "assign_ipv6_address_on_creation": false,
            "availability_zone": "ap-northeast-2c",
            "availability_zone_id": "apne2-az3",
            "cidr_block": "192.168.2.0/24",
            "customer_owned_ipv4_pool": "",
            "id": "subnet-03699520da9d6c37b",
            "ipv6_cidr_block": "",
            "ipv6_cidr_block_association_id": "",
            "map_customer_owned_ip_on_launch": false,
            "map_public_ip_on_launch": true,
            "outpost_arn": "",
            "owner_id": "049474991519",
            "tags": {
              "Name": "ksj-TF-subnet-public",
              "Owner": "ksj"
            },
            "tags_all": {
              "Name": "ksj-TF-subnet-public",
              "Owner": "ksj"
            },
            "timeouts": null,
            "vpc_id": "vpc-0812b07a4be9d5888"
          },
          "sensitive_attributes": [],
          "private": "eyJlMmJmYjczMC1lY2FhLTExZTYtOGY4OC0zNDM2M2JjN2M0YzAiOnsiY3JlYXRlIjo2MDAwMDAwMDAwMDAsImRlbGV0ZSI6MTIwMDAwMDAwMDAwMH0sInNjaGVtYV92ZXJzaW9uIjoiMSJ9",
          "dependencies": [
            "data.aws_availability_zones.available",
            "module.vpc.aws_vpc.vpc"
          ]
        }
      ]
    },
    {
      "module": "module.public_subnet_rtb_igw",
      "mode": "managed",
      "type": "aws_route_table",
      "name": "pri-rtb",
      "provider": "provider[\"registry.terraform.io/hashicorp/aws\"]",
      "instances": [
        {
          "schema_version": 0,
          "attributes": {
            "arn": "arn:aws:ec2:ap-northeast-2:049474991519:route-table/rtb-0d33e24faf67f71b7",
            "id": "rtb-0d33e24faf67f71b7",
            "owner_id": "049474991519",
            "propagating_vgws": [],
            "route": [],
            "tags": {
              "Name": "ksj-TF-rtb-pri",
              "Owner": "ksj"
            },
            "tags_all": {
              "Name": "ksj-TF-rtb-pri",
              "Owner": "ksj"
            },
            "vpc_id": "vpc-0812b07a4be9d5888"
          },
          "sensitive_attributes": [],
          "private": "bnVsbA==",
          "dependencies": [
            "module.vpc.aws_vpc.vpc"
          ]
        }
      ]
    },
    {
      "module": "module.public_subnet_rtb_igw",
      "mode": "managed",
      "type": "aws_route_table",
      "name": "rtb",
      "provider": "provider[\"registry.terraform.io/hashicorp/aws\"]",
      "instances": [
        {
          "schema_version": 0,
          "attributes": {
            "arn": "arn:aws:ec2:ap-northeast-2:049474991519:route-table/rtb-098096531243855f9",
            "id": "rtb-098096531243855f9",
            "owner_id": "049474991519",
            "propagating_vgws": [],
            "route": [
              {
                "carrier_gateway_id": "",
                "cidr_block": "0.0.0.0/0",
                "destination_prefix_list_id": "",
                "egress_only_gateway_id": "",
                "gateway_id": "igw-0e3309b800d6d1b8e",
                "instance_id": "",
                "ipv6_cidr_block": "",
                "local_gateway_id": "",
                "nat_gateway_id": "",
                "network_interface_id": "",
                "transit_gateway_id": "",
                "vpc_endpoint_id": "",
                "vpc_peering_connection_id": ""
              }
            ],
            "tags": {
              "Name": "ksj-TF-rtb-public",
              "Owner": "ksj"
            },
            "tags_all": {
              "Name": "ksj-TF-rtb-public",
              "Owner": "ksj"
            },
            "vpc_id": "vpc-0812b07a4be9d5888"
          },
          "sensitive_attributes": [],
          "private": "bnVsbA==",
          "dependencies": [
            "module.vpc.aws_internet_gateway.igw",
            "module.vpc.aws_vpc.vpc"
          ]
        }
      ]
    },
    {
      "module": "module.public_subnet_rtb_igw",
      "mode": "managed",
      "type": "aws_route_table_association",
      "name": "rtb",
      "provider": "provider[\"registry.terraform.io/hashicorp/aws\"]",
      "instances": [
        {
          "index_key": 0,
          "schema_version": 0,
          "attributes": {
            "gateway_id": "",
            "id": "rtbassoc-0e79519ac0f2feffb",
            "route_table_id": "rtb-098096531243855f9",
            "subnet_id": "subnet-09d8065e5ce73a1f7"
          },
          "sensitive_attributes": [],
          "private": "bnVsbA==",
          "dependencies": [
            "data.aws_availability_zones.available",
            "module.private_subnet1.aws_subnet.subnet",
            "module.private_subnet2.aws_subnet.subnet",
            "module.private_subnet3.aws_subnet.subnet",
            "module.public_subnet1.aws_subnet.subnet",
            "module.public_subnet2.aws_subnet.subnet",
            "module.public_subnet3.aws_subnet.subnet",
            "module.public_subnet_rtb_igw.aws_route_table.pri-rtb",
            "module.public_subnet_rtb_igw.aws_route_table.rtb",
            "module.vpc.aws_internet_gateway.igw",
            "module.vpc.aws_vpc.vpc"
          ]
        },
        {
          "index_key": 1,
          "schema_version": 0,
          "attributes": {
            "gateway_id": "",
            "id": "rtbassoc-06cb3e203f691623c",
            "route_table_id": "rtb-098096531243855f9",
            "subnet_id": "subnet-0edc090229020299a"
          },
          "sensitive_attributes": [],
          "private": "bnVsbA==",
          "dependencies": [
            "data.aws_availability_zones.available",
            "module.private_subnet1.aws_subnet.subnet",
            "module.private_subnet2.aws_subnet.subnet",
            "module.private_subnet3.aws_subnet.subnet",
            "module.public_subnet1.aws_subnet.subnet",
            "module.public_subnet2.aws_subnet.subnet",
            "module.public_subnet3.aws_subnet.subnet",
            "module.public_subnet_rtb_igw.aws_route_table.pri-rtb",
            "module.public_subnet_rtb_igw.aws_route_table.rtb",
            "module.vpc.aws_internet_gateway.igw",
            "module.vpc.aws_vpc.vpc"
          ]
        },
        {
          "index_key": 2,
          "schema_version": 0,
          "attributes": {
            "gateway_id": "",
            "id": "rtbassoc-00edec8a9721e23b2",
            "route_table_id": "rtb-098096531243855f9",
            "subnet_id": "subnet-03699520da9d6c37b"
          },
          "sensitive_attributes": [],
          "private": "bnVsbA==",
          "dependencies": [
            "data.aws_availability_zones.available",
            "module.private_subnet1.aws_subnet.subnet",
            "module.private_subnet2.aws_subnet.subnet",
            "module.private_subnet3.aws_subnet.subnet",
            "module.public_subnet1.aws_subnet.subnet",
            "module.public_subnet2.aws_subnet.subnet",
            "module.public_subnet3.aws_subnet.subnet",
            "module.public_subnet_rtb_igw.aws_route_table.pri-rtb",
            "module.public_subnet_rtb_igw.aws_route_table.rtb",
            "module.vpc.aws_internet_gateway.igw",
            "module.vpc.aws_vpc.vpc"
          ]
        },
        {
          "index_key": 3,
          "schema_version": 0,
          "attributes": {
            "gateway_id": "",
            "id": "rtbassoc-0b6aed234e5b2cb96",
            "route_table_id": "rtb-0d33e24faf67f71b7",
            "subnet_id": "subnet-086552de03a8e091f"
          },
          "sensitive_attributes": [],
          "private": "bnVsbA==",
          "dependencies": [
            "data.aws_availability_zones.available",
            "module.private_subnet1.aws_subnet.subnet",
            "module.private_subnet2.aws_subnet.subnet",
            "module.private_subnet3.aws_subnet.subnet",
            "module.public_subnet1.aws_subnet.subnet",
            "module.public_subnet2.aws_subnet.subnet",
            "module.public_subnet3.aws_subnet.subnet",
            "module.public_subnet_rtb_igw.aws_route_table.pri-rtb",
            "module.public_subnet_rtb_igw.aws_route_table.rtb",
            "module.vpc.aws_internet_gateway.igw",
            "module.vpc.aws_vpc.vpc"
          ]
        },
        {
          "index_key": 4,
          "schema_version": 0,
          "attributes": {
            "gateway_id": "",
            "id": "rtbassoc-0348164efcd3c213b",
            "route_table_id": "rtb-0d33e24faf67f71b7",
            "subnet_id": "subnet-0e70a618e3c8d7f4e"
          },
          "sensitive_attributes": [],
          "private": "bnVsbA==",
          "dependencies": [
            "data.aws_availability_zones.available",
            "module.private_subnet1.aws_subnet.subnet",
            "module.private_subnet2.aws_subnet.subnet",
            "module.private_subnet3.aws_subnet.subnet",
            "module.public_subnet1.aws_subnet.subnet",
            "module.public_subnet2.aws_subnet.subnet",
            "module.public_subnet3.aws_subnet.subnet",
            "module.public_subnet_rtb_igw.aws_route_table.pri-rtb",
            "module.public_subnet_rtb_igw.aws_route_table.rtb",
            "module.vpc.aws_internet_gateway.igw",
            "module.vpc.aws_vpc.vpc"
          ]
        },
        {
          "index_key": 5,
          "schema_version": 0,
          "attributes": {
            "gateway_id": "",
            "id": "rtbassoc-0cea2f0eb1e9593a0",
            "route_table_id": "rtb-0d33e24faf67f71b7",
            "subnet_id": "subnet-0a5d5b9d73636b73e"
          },
          "sensitive_attributes": [],
          "private": "bnVsbA==",
          "dependencies": [
            "data.aws_availability_zones.available",
            "module.private_subnet1.aws_subnet.subnet",
            "module.private_subnet2.aws_subnet.subnet",
            "module.private_subnet3.aws_subnet.subnet",
            "module.public_subnet1.aws_subnet.subnet",
            "module.public_subnet2.aws_subnet.subnet",
            "module.public_subnet3.aws_subnet.subnet",
            "module.public_subnet_rtb_igw.aws_route_table.pri-rtb",
            "module.public_subnet_rtb_igw.aws_route_table.rtb",
            "module.vpc.aws_internet_gateway.igw",
            "module.vpc.aws_vpc.vpc"
          ]
        }
      ]
    },
    {
      "module": "module.vpc",
      "mode": "managed",
      "type": "aws_internet_gateway",
      "name": "igw",
      "provider": "provider[\"registry.terraform.io/hashicorp/aws\"]",
      "instances": [
        {
          "schema_version": 0,
          "attributes": {
            "arn": "arn:aws:ec2:ap-northeast-2:049474991519:internet-gateway/igw-0e3309b800d6d1b8e",
            "id": "igw-0e3309b800d6d1b8e",
            "owner_id": "049474991519",
            "tags": {
              "Name": "ksj-TF-igw",
              "Owner": "ksj"
            },
            "tags_all": {
              "Name": "ksj-TF-igw",
              "Owner": "ksj"
            },
            "vpc_id": "vpc-0812b07a4be9d5888"
          },
          "sensitive_attributes": [],
          "private": "bnVsbA==",
          "dependencies": [
            "module.vpc.aws_vpc.vpc"
          ]
        }
      ]
    },
    {
      "module": "module.vpc",
      "mode": "managed",
      "type": "aws_vpc",
      "name": "vpc",
      "provider": "provider[\"registry.terraform.io/hashicorp/aws\"]",
      "instances": [
        {
          "schema_version": 1,
          "attributes": {
            "arn": "arn:aws:ec2:ap-northeast-2:049474991519:vpc/vpc-0812b07a4be9d5888",
            "assign_generated_ipv6_cidr_block": false,
            "cidr_block": "192.168.0.0/16",
            "default_network_acl_id": "acl-08a9bafafbd33071e",
            "default_route_table_id": "rtb-0609b802bb3d780da",
            "default_security_group_id": "sg-0fe97133fc821857c",
            "dhcp_options_id": "dopt-1e5e1a75",
            "enable_classiclink": null,
            "enable_classiclink_dns_support": null,
            "enable_dns_hostnames": true,
            "enable_dns_support": true,
            "id": "vpc-0812b07a4be9d5888",
            "instance_tenancy": "default",
            "ipv6_association_id": "",
            "ipv6_cidr_block": "",
            "main_route_table_id": "rtb-0609b802bb3d780da",
            "owner_id": "049474991519",
            "tags": {
              "Name": "ksj-TF-vpc",
              "Owner": "ksj"
            },
            "tags_all": {
              "Name": "ksj-TF-vpc",
              "Owner": "ksj"
            }
          },
          "sensitive_attributes": [],
          "private": "eyJzY2hlbWFfdmVyc2lvbiI6IjEifQ=="
        }
      ]
    }
  ]
}
